
Microsoft Visual Studio Solution File, Format Version 12.00
# Visual Studio Version 17
VisualStudioVersion = 17.5.33502.453
MinimumVisualStudioVersion = 10.0.40219.1
Project("{FAE04EC0-301F-11D3-BF4B-00C04F79EFBC}") = "Web", "Web\Web.csproj", "{1F552DEA-FE94-4896-A405-878E01A8909B}"
EndProject
Project("{FAE04EC0-301F-11D3-BF4B-00C04F79EFBC}") = "API", "API\API.csproj", "{C642E279-C1AE-4A43-B14A-FFFD39C6353C}"
EndProject
Global
	GlobalSection(SolutionConfigurationPlatforms) = preSolution
		Debug|Any CPU = Debug|Any CPU
		Release|Any CPU = Release|Any CPU
	EndGlobalSection
	GlobalSection(ProjectConfigurationPlatforms) = postSolution
		{1F552DEA-FE94-4896-A405-878E01A8909B}.Debug|Any CPU.ActiveCfg = Debug|Any CPU
		{1F552DEA-FE94-4896-A405-878E01A8909B}.Debug|Any CPU.Build.0 = Debug|Any CPU
		{1F552DEA-FE94-4896-A405-878E01A8909B}.Release|Any CPU.ActiveCfg = Release|Any CPU
		{1F552DEA-FE94-4896-A405-878E01A8909B}.Release|Any CPU.Build.0 = Release|Any CPU
		{C642E279-C1AE-4A43-B14A-FFFD39C6353C}.Debug|Any CPU.ActiveCfg = Debug|Any CPU
		{C642E279-C1AE-4A43-B14A-FFFD39C6353C}.Debug|Any CPU.Build.0 = Debug|Any CPU
		{C642E279-C1AE-4A43-B14A-FFFD39C6353C}.Release|Any CPU.ActiveCfg = Release|Any CPU
		{C642E279-C1AE-4A43-B14A-FFFD39C6353C}.Release|Any CPU.Build.0 = Release|Any CPU
	EndGlobalSection
	GlobalSection(SolutionProperties) = preSolution
		HideSolutionNode = FALSE
	EndGlobalSection
	GlobalSection(ExtensibilityGlobals) = postSolution
		SolutionGuid = {5F805434-99A6-42DC-BE3E-9E27A3789BA6}
	EndGlobalSection
EndGlobal
